
Microsoft Visual Studio Solution File, Format Version 12.00
# Visual Studio Version 17
VisualStudioVersion = 17.7.34202.233
MinimumVisualStudioVersion = 10.0.40219.1
Project("{9A19103F-16F7-4668-BE54-9A1E7A4F7556}") = "LethalFortress2", "LethalFortress2.csproj", "{DD83CC4A-E29F-4A64-AFCA-536E7F4F92DE}"
EndProject
Global
	GlobalSection(SolutionConfigurationPlatforms) = preSolution
		Debug|Any CPU = Debug|Any CPU
		Release|Any CPU = Release|Any CPU
	EndGlobalSection
	GlobalSection(ProjectConfigurationPlatforms) = postSolution
		{DD83CC4A-E29F-4A64-AFCA-536E7F4F92DE}.Debug|Any CPU.ActiveCfg = Debug|Any CPU
		{DD83CC4A-E29F-4A64-AFCA-536E7F4F92DE}.Debug|Any CPU.Build.0 = Debug|Any CPU
		{DD83CC4A-E29F-4A64-AFCA-536E7F4F92DE}.Release|Any CPU.ActiveCfg = Release|Any CPU
		{DD83CC4A-E29F-4A64-AFCA-536E7F4F92DE}.Release|Any CPU.Build.0 = Release|Any CPU
	EndGlobalSection
	GlobalSection(SolutionProperties) = preSolution
		HideSolutionNode = FALSE
	EndGlobalSection
	GlobalSection(ExtensibilityGlobals) = postSolution
		SolutionGuid = {7C2A1775-FADD-4F45-83A9-FC6D86A3C7C3}
	EndGlobalSection
EndGlobal
